// !$*UTF8*$!
{
	archiveVersion = 1;
	classes = {
	};
	objectVersion = 50;
	objects = {

/* Begin PBXBuildFile section */
		FACCC636222258A3002F3AF9 /* AppDelegate.swift in Sources */ = {isa = PBXBuildFile; fileRef = FACCC635222258A3002F3AF9 /* AppDelegate.swift */; };
		FACCC638222258A3002F3AF9 /* ViewController.swift in Sources */ = {isa = PBXBuildFile; fileRef = FACCC637222258A3002F3AF9 /* ViewController.swift */; };
		FACCC63B222258A3002F3AF9 /* Main.storyboard in Resources */ = {isa = PBXBuildFile; fileRef = FACCC639222258A3002F3AF9 /* Main.storyboard */; };
		FACCC63D222258A7002F3AF9 /* Assets.xcassets in Resources */ = {isa = PBXBuildFile; fileRef = FACCC63C222258A7002F3AF9 /* Assets.xcassets */; };
		FACCC640222258A7002F3AF9 /* LaunchScreen.storyboard in Resources */ = {isa = PBXBuildFile; fileRef = FACCC63E222258A7002F3AF9 /* LaunchScreen.storyboard */; };
		FACCC6482222DF28002F3AF9 /* Concentration.swift in Sources */ = {isa = PBXBuildFile; fileRef = FACCC6472222DF28002F3AF9 /* Concentration.swift */; };
		FACCC64A2222DF9A002F3AF9 /* Card.swift in Sources */ = {isa = PBXBuildFile; fileRef = FACCC6492222DF9A002F3AF9 /* Card.swift */; };
/* End PBXBuildFile section */

/* Begin PBXFileReference section */
		FACCC632222258A3002F3AF9 /* AL-Buttons.app */ = {isa = PBXFileReference; explicitFileType = wrapper.application; includeInIndex = 0; path = "AL-Buttons.app"; sourceTree = BUILT_PRODUCTS_DIR; };
		FACCC635222258A3002F3AF9 /* AppDelegate.swift */ = {isa = PBXFileReference; lastKnownFileType = sourcecode.swift; path = AppDelegate.swift; sourceTree = "<group>"; };
		FACCC637222258A3002F3AF9 /* ViewController.swift */ = {isa = PBXFileReference; lastKnownFileType = sourcecode.swift; path = ViewController.swift; sourceTree = "<group>"; };
		FACCC63A222258A3002F3AF9 /* Base */ = {isa = PBXFileReference; lastKnownFileType = file.storyboard; name = Base; path = Base.lproj/Main.storyboard; sourceTree = "<group>"; };
		FACCC63C222258A7002F3AF9 /* Assets.xcassets */ = {isa = PBXFileReference; lastKnownFileType = folder.assetcatalog; path = Assets.xcassets; sourceTree = "<group>"; };
		FACCC63F222258A7002F3AF9 /* Base */ = {isa = PBXFileReference; lastKnownFileType = file.storyboard; name = Base; path = Base.lproj/LaunchScreen.storyboard; sourceTree = "<group>"; };
		FACCC641222258A7002F3AF9 /* Info.plist */ = {isa = PBXFileReference; lastKnownFileType = text.plist.xml; path = Info.plist; sourceTree = "<group>"; };
		FACCC6472222DF28002F3AF9 /* Concentration.swift */ = {isa = PBXFileReference; lastKnownFileType = sourcecode.swift; path = Concentration.swift; sourceTree = "<group>"; };
		FACCC6492222DF9A002F3AF9 /* Card.swift */ = {isa = PBXFileReference; lastKnownFileType = sourcecode.swift; path = Card.swift; sourceTree = "<group>"; };
/* End PBXFileReference section */

/* Begin PBXFrameworksBuildPhase section */
		FACCC62F222258A3002F3AF9 /* Frameworks */ = {
			isa = PBXFrameworksBuildPhase;
			buildActionMask = 2147483647;
			files = (
			);
			runOnlyForDeploymentPostprocessing = 0;
		};
/* End PBXFrameworksBuildPhase section */

/* Begin PBXGroup section */
		FACCC629222258A3002F3AF9 = {
			isa = PBXGroup;
			children = (
				FACCC634222258A3002F3AF9 /* AL-Buttons */,
				FACCC633222258A3002F3AF9 /* Products */,
			);
			sourceTree = "<group>";
		};
		FACCC633222258A3002F3AF9 /* Products */ = {
			isa = PBXGroup;
			children = (
				FACCC632222258A3002F3AF9 /* AL-Buttons.app */,
			);
			name = Products;
			sourceTree = "<group>";
		};
		FACCC634222258A3002F3AF9 /* AL-Buttons */ = {
			isa = PBXGroup;
			children = (
				FACCC635222258A3002F3AF9 /* AppDelegate.swift */,
				FACCC637222258A3002F3AF9 /* ViewController.swift */,
				FACCC6472222DF28002F3AF9 /* Concentration.swift */,
				FACCC6492222DF9A002F3AF9 /* Card.swift */,
				FACCC639222258A3002F3AF9 /* Main.storyboard */,
				FACCC63C222258A7002F3AF9 /* Assets.xcassets */,
				FACCC63E222258A7002F3AF9 /* LaunchScreen.storyboard */,
				FACCC641222258A7002F3AF9 /* Info.plist */,
			);
			path = "AL-Buttons";
			sourceTree = "<group>";
		};
/* End PBXGroup section */

/* Begin PBXNativeTarget section */
		FACCC631222258A3002F3AF9 /* AL-Buttons */ = {
			isa = PBXNativeTarget;
			buildConfigurationList = FACCC644222258A7002F3AF9 /* Build configuration list for PBXNativeTarget "AL-Buttons" */;
			buildPhases = (
				FACCC62E222258A3002F3AF9 /* Sources */,
				FACCC62F222258A3002F3AF9 /* Frameworks */,
				FACCC630222258A3002F3AF9 /* Resources */,
			);
			buildRules = (
			);
			dependencies = (
			);
			name = "AL-Buttons";
			productName = "AL-Buttons";
			productReference = FACCC632222258A3002F3AF9 /* AL-Buttons.app */;
			productType = "com.apple.product-type.application";
		};
/* End PBXNativeTarget section */

/* Begin PBXProject section */
		FACCC62A222258A3002F3AF9 /* Project object */ = {
			isa = PBXProject;
			attributes = {
				LastSwiftUpdateCheck = 1010;
				LastUpgradeCheck = 1010;
				ORGANIZATIONNAME = JeanaTheGreat;
				TargetAttributes = {
					FACCC631222258A3002F3AF9 = {
						CreatedOnToolsVersion = 10.1;
					};
				};
			};
			buildConfigurationList = FACCC62D222258A3002F3AF9 /* Build configuration list for PBXProject "AL-Buttons " */;
			compatibilityVersion = "Xcode 9.3";
			developmentRegion = en;
			hasScannedForEncodings = 0;
			knownRegions = (
				en,
				Base,
			);
			mainGroup = FACCC629222258A3002F3AF9;
			productRefGroup = FACCC633222258A3002F3AF9 /* Products */;
			projectDirPath = "";
			projectRoot = "";
			targets = (
				FACCC631222258A3002F3AF9 /* AL-Buttons */,
			);
		};
/* End PBXProject section */

/* Begin PBXResourcesBuildPhase section */
		FACCC630222258A3002F3AF9 /* Resources */ = {
			isa = PBXResourcesBuildPhase;
			buildActionMask = 2147483647;
			files = (
				FACCC640222258A7002F3AF9 /* LaunchScreen.storyboard in Resources */,
				FACCC63D222258A7002F3AF9 /* Assets.xcassets in Resources */,
				FACCC63B222258A3002F3AF9 /* Main.storyboard in Resources */,
			);
			runOnlyForDeploymentPostprocessing = 0;
		};
/* End PBXResourcesBuildPhase section */

/* Begin PBXSourcesBuildPhase section */
		FACCC62E222258A3002F3AF9 /* Sources */ = {
			isa = PBXSourcesBuildPhase;
			buildActionMask = 2147483647;
			files = (
				FACCC638222258A3002F3AF9 /* ViewController.swift in Sources */,
				FACCC6482222DF28002F3AF9 /* Concentration.swift in Sources */,
				FACCC636222258A3002F3AF9 /* AppDelegate.swift in Sources */,
				FACCC64A2222DF9A002F3AF9 /* Card.swift in Sources */,
			);
			runOnlyForDeploymentPostprocessing = 0;
		};
/* End PBXSourcesBuildPhase section */

/* Begin PBXVariantGroup section */
		FACCC639222258A3002F3AF9 /* Main.storyboard */ = {
			isa = PBXVariantGroup;
			children = (
				FACCC63A222258A3002F3AF9 /* Base */,
			);
			name = Main.storyboard;
			sourceTree = "<group>";
		};
		FACCC63E222258A7002F3AF9 /* LaunchScreen.storyboard */ = {
			isa = PBXVariantGroup;
			children = (
				FACCC63F222258A7002F3AF9 /* Base */,
			);
			name = LaunchScreen.storyboard;
			sourceTree = "<group>";
		};
/* End PBXVariantGroup section */

/* Begin XCBuildConfiguration section */
		FACCC642222258A7002F3AF9 /* Debug */ = {
			isa = XCBuildConfiguration;
			buildSettings = {
				ALWAYS_SEARCH_USER_PATHS = NO;
				CLANG_ANALYZER_NONNULL = YES;
				CLANG_ANALYZER_NUMBER_OBJECT_CONVERSION = YES_AGGRESSIVE;
				CLANG_CXX_LANGUAGE_STANDARD = "gnu++14";
				CLANG_CXX_LIBRARY = "libc++";
				CLANG_ENABLE_MODULES = YES;
				CLANG_ENABLE_OBJC_ARC = YES;
				CLANG_ENABLE_OBJC_WEAK = YES;
				CLANG_WARN_BLOCK_CAPTURE_AUTORELEASING = YES;
				CLANG_WARN_BOOL_CONVERSION = YES;
				CLANG_WARN_COMMA = YES;
				CLANG_WARN_CONSTANT_CONVERSION = YES;
				CLANG_WARN_DEPRECATED_OBJC_IMPLEMENTATIONS = YES;
				CLANG_WARN_DIRECT_OBJC_ISA_USAGE = YES_ERROR;
				CLANG_WARN_DOCUMENTATION_COMMENTS = YES;
				CLANG_WARN_EMPTY_BODY = YES;
				CLANG_WARN_ENUM_CONVERSION = YES;
				CLANG_WARN_INFINITE_RECURSION = YES;
				CLANG_WARN_INT_CONVERSION = YES;
				CLANG_WARN_NON_LITERAL_NULL_CONVERSION = YES;
				CLANG_WARN_OBJC_IMPLICIT_RETAIN_SELF = YES;
				CLANG_WARN_OBJC_LITERAL_CONVERSION = YES;
				CLANG_WARN_OBJC_ROOT_CLASS = YES_ERROR;
				CLANG_WARN_RANGE_LOOP_ANALYSIS = YES;
				CLANG_WARN_STRICT_PROTOTYPES = YES;
				CLANG_WARN_SUSPICIOUS_MOVE = YES;
				CLANG_WARN_UNGUARDED_AVAILABILITY = YES_AGGRESSIVE;
				CLANG_WARN_UNREACHABLE_CODE = YES;
				CLANG_WARN__DUPLICATE_METHOD_MATCH = YES;
				CODE_SIGN_IDENTITY = "iPhone Developer";
				COPY_PHASE_STRIP = NO;
				DEBUG_INFORMATION_FORMAT = dwarf;
				ENABLE_STRICT_OBJC_MSGSEND = YES;
				ENABLE_TESTABILITY = YES;
				GCC_C_LANGUAGE_STANDARD = gnu11;
				GCC_DYNAMIC_NO_PIC = NO;
				GCC_NO_COMMON_BLOCKS = YES;
				GCC_OPTIMIZATION_LEVEL = 0;
				GCC_PREPROCESSOR_DEFINITIONS = (
					"DEBUG=1",
					"$(inherited)",
				);
				GCC_WARN_64_TO_32_BIT_CONVERSION = YES;
				GCC_WARN_ABOUT_RETURN_TYPE = YES_ERROR;
				GCC_WARN_UNDECLARED_SELECTOR = YES;
				GCC_WARN_UNINITIALIZED_AUTOS = YES_AGGRESSIVE;
				GCC_WARN_UNUSED_FUNCTION = YES;
				GCC_WARN_UNUSED_VARIABLE = YES;
				IPHONEOS_DEPLOYMENT_TARGET = 12.1;
				MTL_ENABLE_DEBUG_INFO = INCLUDE_SOURCE;
				MTL_FAST_MATH = YES;
				ONLY_ACTIVE_ARCH = YES;
				SDKROOT = iphoneos;
				SWIFT_ACTIVE_COMPILATION_CONDITIONS = DEBUG;
				SWIFT_OPTIMIZATION_LEVEL = "-Onone";
			};
			name = Debug;
		};
		FACCC643222258A7002F3AF9 /* Release */ = {
			isa = XCBuildConfiguration;
			buildSettings = {
				ALWAYS_SEARCH_USER_PATHS = NO;
				CLANG_ANALYZER_NONNULL = YES;
				CLANG_ANALYZER_NUMBER_OBJECT_CONVERSION = YES_AGGRESSIVE;
				CLANG_CXX_LANGUAGE_STANDARD = "gnu++14";
				CLANG_CXX_LIBRARY = "libc++";
				CLANG_ENABLE_MODULES = YES;
				CLANG_ENABLE_OBJC_ARC = YES;
				CLANG_ENABLE_OBJC_WEAK = YES;
				CLANG_WARN_BLOCK_CAPTURE_AUTORELEASING = YES;
				CLANG_WARN_BOOL_CONVERSION = YES;
				CLANG_WARN_COMMA = YES;
				CLANG_WARN_CONSTANT_CONVERSION = YES;
				CLANG_WARN_DEPRECATED_OBJC_IMPLEMENTATIONS = YES;
				CLANG_WARN_DIRECT_OBJC_ISA_USAGE = YES_ERROR;
				CLANG_WARN_DOCUMENTATION_COMMENTS = YES;
				CLANG_WARN_EMPTY_BODY = YES;
				CLANG_WARN_ENUM_CONVERSION = YES;
				CLANG_WARN_INFINITE_RECURSION = YES;
				CLANG_WARN_INT_CONVERSION = YES;
				CLANG_WARN_NON_LITERAL_NULL_CONVERSION = YES;
				CLANG_WARN_OBJC_IMPLICIT_RETAIN_SELF = YES;
				CLANG_WARN_OBJC_LITERAL_CONVERSION = YES;
				CLANG_WARN_OBJC_ROOT_CLASS = YES_ERROR;
				CLANG_WARN_RANGE_LOOP_ANALYSIS = YES;
				CLANG_WARN_STRICT_PROTOTYPES = YES;
				CLANG_WARN_SUSPICIOUS_MOVE = YES;
				CLANG_WARN_UNGUARDED_AVAILABILITY = YES_AGGRESSIVE;
				CLANG_WARN_UNREACHABLE_CODE = YES;
				CLANG_WARN__DUPLICATE_METHOD_MATCH = YES;
				CODE_SIGN_IDENTITY = "iPhone Developer";
				COPY_PHASE_STRIP = NO;
				DEBUG_INFORMATION_FORMAT = "dwarf-with-dsym";
				ENABLE_NS_ASSERTIONS = NO;
				ENABLE_STRICT_OBJC_MSGSEND = YES;
				GCC_C_LANGUAGE_STANDARD = gnu11;
				GCC_NO_COMMON_BLOCKS = YES;
				GCC_WARN_64_TO_32_BIT_CONVERSION = YES;
				GCC_WARN_ABOUT_RETURN_TYPE = YES_ERROR;
				GCC_WARN_UNDECLARED_SELECTOR = YES;
				GCC_WARN_UNINITIALIZED_AUTOS = YES_AGGRESSIVE;
				GCC_WARN_UNUSED_FUNCTION = YES;
				GCC_WARN_UNUSED_VARIABLE = YES;
				IPHONEOS_DEPLOYMENT_TARGET = 12.1;
				MTL_ENABLE_DEBUG_INFO = NO;
				MTL_FAST_MATH = YES;
				SDKROOT = iphoneos;
				SWIFT_COMPILATION_MODE = wholemodule;
				SWIFT_OPTIMIZATION_LEVEL = "-O";
				VALIDATE_PRODUCT = YES;
			};
			name = Release;
		};
		FACCC645222258A7002F3AF9 /* Debug */ = {
			isa = XCBuildConfiguration;
			buildSettings = {
				ASSETCATALOG_COMPILER_APPICON_NAME = AppIcon;
				CODE_SIGN_STYLE = Automatic;
				DEVELOPMENT_TEAM = 4B3LH8J77D;
				INFOPLIST_FILE = "AL-Buttons/Info.plist";
				LD_RUNPATH_SEARCH_PATHS = (
					"$(inherited)",
					"@executable_path/Frameworks",
				);
				PRODUCT_BUNDLE_IDENTIFIER = "com.jeanathegreat.AL-Buttons";
				PRODUCT_NAME = "$(TARGET_NAME)";
				SWIFT_VERSION = 4.2;
				TARGETED_DEVICE_FAMILY = "1,2";
			};
			name = Debug;
		};
		FACCC646222258A7002F3AF9 /* Release */ = {
			isa = XCBuildConfiguration;
			buildSettings = {
				ASSETCATALOG_COMPILER_APPICON_NAME = AppIcon;
				CODE_SIGN_STYLE = Automatic;
				DEVELOPMENT_TEAM = 4B3LH8J77D;
				INFOPLIST_FILE = "AL-Buttons/Info.plist";
				LD_RUNPATH_SEARCH_PATHS = (
					"$(inherited)",
					"@executable_path/Frameworks",
				);
				PRODUCT_BUNDLE_IDENTIFIER = "com.jeanathegreat.AL-Buttons";
				PRODUCT_NAME = "$(TARGET_NAME)";
				SWIFT_VERSION = 4.2;
				TARGETED_DEVICE_FAMILY = "1,2";
			};
			name = Release;
		};
/* End XCBuildConfiguration section */

/* Begin XCConfigurationList section */
		FACCC62D222258A3002F3AF9 /* Build configuration list for PBXProject "AL-Buttons " */ = {
			isa = XCConfigurationList;
			buildConfigurations = (
				FACCC642222258A7002F3AF9 /* Debug */,
				FACCC643222258A7002F3AF9 /* Release */,
			);
			defaultConfigurationIsVisible = 0;
			defaultConfigurationName = Release;
		};
		FACCC644222258A7002F3AF9 /* Build configuration list for PBXNativeTarget "AL-Buttons" */ = {
			isa = XCConfigurationList;
			buildConfigurations = (
				FACCC645222258A7002F3AF9 /* Debug */,
				FACCC646222258A7002F3AF9 /* Release */,
			);
			defaultConfigurationIsVisible = 0;
			defaultConfigurationName = Release;
		};
/* End XCConfigurationList section */
	};
	rootObject = FACCC62A222258A3002F3AF9 /* Project object */;
}
